
Microsoft Visual Studio Solution File, Format Version 12.00
# Visual Studio Version 16
VisualStudioVersion = 16.0.33529.622
MinimumVisualStudioVersion = 10.0.40219.1
Project("{9A19103F-16F7-4668-BE54-9A1E7A4F7556}") = "VendingRetail", "VendingRetail.csproj", "{C8E15103-1342-48B9-809C-A80969924DFA}"
EndProject
Global
	GlobalSection(SolutionConfigurationPlatforms) = preSolution
		Debug|Any CPU = Debug|Any CPU
		Release|Any CPU = Release|Any CPU
	EndGlobalSection
	GlobalSection(ProjectConfigurationPlatforms) = postSolution
		{C8E15103-1342-48B9-809C-A80969924DFA}.Debug|Any CPU.ActiveCfg = Debug|Any CPU
		{C8E15103-1342-48B9-809C-A80969924DFA}.Debug|Any CPU.Build.0 = Debug|Any CPU
		{C8E15103-1342-48B9-809C-A80969924DFA}.Release|Any CPU.ActiveCfg = Release|Any CPU
		{C8E15103-1342-48B9-809C-A80969924DFA}.Release|Any CPU.Build.0 = Release|Any CPU
	EndGlobalSection
	GlobalSection(SolutionProperties) = preSolution
		HideSolutionNode = FALSE
	EndGlobalSection
	GlobalSection(ExtensibilityGlobals) = postSolution
		SolutionGuid = {ADF0840F-4C82-4538-9487-CDC48DCCA03A}
	EndGlobalSection
EndGlobal
