
Microsoft Visual Studio Solution File, Format Version 12.00
# Visual Studio Version 17
VisualStudioVersion = 17.3.32901.215
MinimumVisualStudioVersion = 10.0.40219.1
Project("{9A19103F-16F7-4668-BE54-9A1E7A4F7556}") = "05.BombNumberes", "05.ListExer\05.BombNumberes.csproj", "{E371A3A7-97AC-435A-A18A-2611EE3C7CE0}"
EndProject
Project("{9A19103F-16F7-4668-BE54-9A1E7A4F7556}") = "06.CardsGame", "06.CardsGame\06.CardsGame.csproj", "{EA139E6D-BF3D-46C3-A62C-7673DF52274D}"
EndProject
Project("{9A19103F-16F7-4668-BE54-9A1E7A4F7556}") = "07.AppendArrays", "07.AppendArrays\07.AppendArrays.csproj", "{43E852CB-FB8D-4FD5-8B38-216F3E985C8A}"
EndProject
Project("{9A19103F-16F7-4668-BE54-9A1E7A4F7556}") = "08.AnonymousThreat", "08.AnonymousThreat\08.AnonymousThreat.csproj", "{00836F54-7AF7-4164-BBC8-21774D0AA102}"
EndProject
Project("{FAE04EC0-301F-11D3-BF4B-00C04F79EFBC}") = "09.PokemonDon'tGo", "09.PokemonDon'tGo\09.PokemonDon'tGo.csproj", "{31FA7109-05DD-464C-9454-516E41A27887}"
EndProject
Project("{FAE04EC0-301F-11D3-BF4B-00C04F79EFBC}") = "10.SoftUniCoursePlanning", "10.SoftUniCoursePlanning\10.SoftUniCoursePlanning.csproj", "{631BB21B-2557-4FFB-9FED-6783CB347747}"
EndProject
Global
	GlobalSection(SolutionConfigurationPlatforms) = preSolution
		Debug|Any CPU = Debug|Any CPU
		Release|Any CPU = Release|Any CPU
	EndGlobalSection
	GlobalSection(ProjectConfigurationPlatforms) = postSolution
		{E371A3A7-97AC-435A-A18A-2611EE3C7CE0}.Debug|Any CPU.ActiveCfg = Debug|Any CPU
		{E371A3A7-97AC-435A-A18A-2611EE3C7CE0}.Debug|Any CPU.Build.0 = Debug|Any CPU
		{E371A3A7-97AC-435A-A18A-2611EE3C7CE0}.Release|Any CPU.ActiveCfg = Release|Any CPU
		{E371A3A7-97AC-435A-A18A-2611EE3C7CE0}.Release|Any CPU.Build.0 = Release|Any CPU
		{EA139E6D-BF3D-46C3-A62C-7673DF52274D}.Debug|Any CPU.ActiveCfg = Debug|Any CPU
		{EA139E6D-BF3D-46C3-A62C-7673DF52274D}.Debug|Any CPU.Build.0 = Debug|Any CPU
		{EA139E6D-BF3D-46C3-A62C-7673DF52274D}.Release|Any CPU.ActiveCfg = Release|Any CPU
		{EA139E6D-BF3D-46C3-A62C-7673DF52274D}.Release|Any CPU.Build.0 = Release|Any CPU
		{43E852CB-FB8D-4FD5-8B38-216F3E985C8A}.Debug|Any CPU.ActiveCfg = Debug|Any CPU
		{43E852CB-FB8D-4FD5-8B38-216F3E985C8A}.Debug|Any CPU.Build.0 = Debug|Any CPU
		{43E852CB-FB8D-4FD5-8B38-216F3E985C8A}.Release|Any CPU.ActiveCfg = Release|Any CPU
		{43E852CB-FB8D-4FD5-8B38-216F3E985C8A}.Release|Any CPU.Build.0 = Release|Any CPU
		{00836F54-7AF7-4164-BBC8-21774D0AA102}.Debug|Any CPU.ActiveCfg = Debug|Any CPU
		{00836F54-7AF7-4164-BBC8-21774D0AA102}.Debug|Any CPU.Build.0 = Debug|Any CPU
		{00836F54-7AF7-4164-BBC8-21774D0AA102}.Release|Any CPU.ActiveCfg = Release|Any CPU
		{00836F54-7AF7-4164-BBC8-21774D0AA102}.Release|Any CPU.Build.0 = Release|Any CPU
		{31FA7109-05DD-464C-9454-516E41A27887}.Debug|Any CPU.ActiveCfg = Debug|Any CPU
		{31FA7109-05DD-464C-9454-516E41A27887}.Debug|Any CPU.Build.0 = Debug|Any CPU
		{31FA7109-05DD-464C-9454-516E41A27887}.Release|Any CPU.ActiveCfg = Release|Any CPU
		{31FA7109-05DD-464C-9454-516E41A27887}.Release|Any CPU.Build.0 = Release|Any CPU
		{631BB21B-2557-4FFB-9FED-6783CB347747}.Debug|Any CPU.ActiveCfg = Debug|Any CPU
		{631BB21B-2557-4FFB-9FED-6783CB347747}.Debug|Any CPU.Build.0 = Debug|Any CPU
		{631BB21B-2557-4FFB-9FED-6783CB347747}.Release|Any CPU.ActiveCfg = Release|Any CPU
		{631BB21B-2557-4FFB-9FED-6783CB347747}.Release|Any CPU.Build.0 = Release|Any CPU
	EndGlobalSection
	GlobalSection(SolutionProperties) = preSolution
		HideSolutionNode = FALSE
	EndGlobalSection
	GlobalSection(ExtensibilityGlobals) = postSolution
		SolutionGuid = {223DC561-EC44-4FC2-9509-E89DEFB4BA38}
	EndGlobalSection
EndGlobal
