
Microsoft Visual Studio Solution File, Format Version 12.00
# Visual Studio Version 17
VisualStudioVersion = 17.9.34622.214
MinimumVisualStudioVersion = 10.0.40219.1
Project("{FAE04EC0-301F-11D3-BF4B-00C04F79EFBC}") = "SimpleChatApp", "SimpleChatApp\SimpleChatApp.csproj", "{3E3F07BF-3661-43B9-AB7B-86B0EEA1CA63}"
EndProject
Global
	GlobalSection(SolutionConfigurationPlatforms) = preSolution
		Debug|Any CPU = Debug|Any CPU
		Release|Any CPU = Release|Any CPU
	EndGlobalSection
	GlobalSection(ProjectConfigurationPlatforms) = postSolution
		{3E3F07BF-3661-43B9-AB7B-86B0EEA1CA63}.Debug|Any CPU.ActiveCfg = Debug|Any CPU
		{3E3F07BF-3661-43B9-AB7B-86B0EEA1CA63}.Debug|Any CPU.Build.0 = Debug|Any CPU
		{3E3F07BF-3661-43B9-AB7B-86B0EEA1CA63}.Release|Any CPU.ActiveCfg = Release|Any CPU
		{3E3F07BF-3661-43B9-AB7B-86B0EEA1CA63}.Release|Any CPU.Build.0 = Release|Any CPU
	EndGlobalSection
	GlobalSection(SolutionProperties) = preSolution
		HideSolutionNode = FALSE
	EndGlobalSection
	GlobalSection(ExtensibilityGlobals) = postSolution
		SolutionGuid = {6CA7DD0B-C5C3-4483-A1A5-274369FC60A9}
	EndGlobalSection
EndGlobal
