
Microsoft Visual Studio Solution File, Format Version 12.00
# Visual Studio Version 17
VisualStudioVersion = 17.6.33723.286
MinimumVisualStudioVersion = 10.0.40219.1
Project("{FAE04EC0-301F-11D3-BF4B-00C04F79EFBC}") = "01.DefiningClasses", "06.DefiningClasses\01.DefiningClasses.csproj", "{BF33DFD2-3A91-4A09-818F-2FFA1068AFF2}"
EndProject
Project("{FAE04EC0-301F-11D3-BF4B-00C04F79EFBC}") = "02.CreatingConstructors", "02.CreatingConstructors\02.CreatingConstructors.csproj", "{3E4491B7-34BC-445D-BD29-BE410762CE60}"
EndProject
Project("{FAE04EC0-301F-11D3-BF4B-00C04F79EFBC}") = "03.OldestFamilyMember", "03.OldestFamilyMember\03.OldestFamilyMember.csproj", "{C40F600F-870D-4BC9-A944-51158F707670}"
EndProject
Project("{FAE04EC0-301F-11D3-BF4B-00C04F79EFBC}") = "04.OpinionPoll", "04.OpinionPoll\04.OpinionPoll.csproj", "{DD8E95F0-251F-4610-983C-C11DB8DA978F}"
EndProject
Project("{FAE04EC0-301F-11D3-BF4B-00C04F79EFBC}") = "06.SpeedRacing", "06.SpeedRacing\06.SpeedRacing.csproj", "{20D4B017-30A2-4C6D-87DF-F5FFEE91D02A}"
EndProject
Project("{FAE04EC0-301F-11D3-BF4B-00C04F79EFBC}") = "07.RawData", "07.RawData\07.RawData.csproj", "{5787F884-9B5D-47EC-95B4-75948812D6E7}"
EndProject
Project("{FAE04EC0-301F-11D3-BF4B-00C04F79EFBC}") = "08.CarSalesman", "08.CarSalesman\08.CarSalesman.csproj", "{0F863DBE-EEAA-499A-AD5B-C665CF8879C1}"
EndProject
Project("{FAE04EC0-301F-11D3-BF4B-00C04F79EFBC}") = "09.PokemonTrainer", "09.PokemonTrainer\09.PokemonTrainer.csproj", "{0C55A901-4348-483C-8136-F8C631D36DCB}"
EndProject
Global
	GlobalSection(SolutionConfigurationPlatforms) = preSolution
		Debug|Any CPU = Debug|Any CPU
		Release|Any CPU = Release|Any CPU
	EndGlobalSection
	GlobalSection(ProjectConfigurationPlatforms) = postSolution
		{BF33DFD2-3A91-4A09-818F-2FFA1068AFF2}.Debug|Any CPU.ActiveCfg = Debug|Any CPU
		{BF33DFD2-3A91-4A09-818F-2FFA1068AFF2}.Debug|Any CPU.Build.0 = Debug|Any CPU
		{BF33DFD2-3A91-4A09-818F-2FFA1068AFF2}.Release|Any CPU.ActiveCfg = Release|Any CPU
		{BF33DFD2-3A91-4A09-818F-2FFA1068AFF2}.Release|Any CPU.Build.0 = Release|Any CPU
		{3E4491B7-34BC-445D-BD29-BE410762CE60}.Debug|Any CPU.ActiveCfg = Debug|Any CPU
		{3E4491B7-34BC-445D-BD29-BE410762CE60}.Debug|Any CPU.Build.0 = Debug|Any CPU
		{3E4491B7-34BC-445D-BD29-BE410762CE60}.Release|Any CPU.ActiveCfg = Release|Any CPU
		{3E4491B7-34BC-445D-BD29-BE410762CE60}.Release|Any CPU.Build.0 = Release|Any CPU
		{C40F600F-870D-4BC9-A944-51158F707670}.Debug|Any CPU.ActiveCfg = Debug|Any CPU
		{C40F600F-870D-4BC9-A944-51158F707670}.Debug|Any CPU.Build.0 = Debug|Any CPU
		{C40F600F-870D-4BC9-A944-51158F707670}.Release|Any CPU.ActiveCfg = Release|Any CPU
		{C40F600F-870D-4BC9-A944-51158F707670}.Release|Any CPU.Build.0 = Release|Any CPU
		{DD8E95F0-251F-4610-983C-C11DB8DA978F}.Debug|Any CPU.ActiveCfg = Debug|Any CPU
		{DD8E95F0-251F-4610-983C-C11DB8DA978F}.Debug|Any CPU.Build.0 = Debug|Any CPU
		{DD8E95F0-251F-4610-983C-C11DB8DA978F}.Release|Any CPU.ActiveCfg = Release|Any CPU
		{DD8E95F0-251F-4610-983C-C11DB8DA978F}.Release|Any CPU.Build.0 = Release|Any CPU
		{20D4B017-30A2-4C6D-87DF-F5FFEE91D02A}.Debug|Any CPU.ActiveCfg = Debug|Any CPU
		{20D4B017-30A2-4C6D-87DF-F5FFEE91D02A}.Debug|Any CPU.Build.0 = Debug|Any CPU
		{20D4B017-30A2-4C6D-87DF-F5FFEE91D02A}.Release|Any CPU.ActiveCfg = Release|Any CPU
		{20D4B017-30A2-4C6D-87DF-F5FFEE91D02A}.Release|Any CPU.Build.0 = Release|Any CPU
		{5787F884-9B5D-47EC-95B4-75948812D6E7}.Debug|Any CPU.ActiveCfg = Debug|Any CPU
		{5787F884-9B5D-47EC-95B4-75948812D6E7}.Debug|Any CPU.Build.0 = Debug|Any CPU
		{5787F884-9B5D-47EC-95B4-75948812D6E7}.Release|Any CPU.ActiveCfg = Release|Any CPU
		{5787F884-9B5D-47EC-95B4-75948812D6E7}.Release|Any CPU.Build.0 = Release|Any CPU
		{0F863DBE-EEAA-499A-AD5B-C665CF8879C1}.Debug|Any CPU.ActiveCfg = Debug|Any CPU
		{0F863DBE-EEAA-499A-AD5B-C665CF8879C1}.Debug|Any CPU.Build.0 = Debug|Any CPU
		{0F863DBE-EEAA-499A-AD5B-C665CF8879C1}.Release|Any CPU.ActiveCfg = Release|Any CPU
		{0F863DBE-EEAA-499A-AD5B-C665CF8879C1}.Release|Any CPU.Build.0 = Release|Any CPU
		{0C55A901-4348-483C-8136-F8C631D36DCB}.Debug|Any CPU.ActiveCfg = Debug|Any CPU
		{0C55A901-4348-483C-8136-F8C631D36DCB}.Debug|Any CPU.Build.0 = Debug|Any CPU
		{0C55A901-4348-483C-8136-F8C631D36DCB}.Release|Any CPU.ActiveCfg = Release|Any CPU
		{0C55A901-4348-483C-8136-F8C631D36DCB}.Release|Any CPU.Build.0 = Release|Any CPU
	EndGlobalSection
	GlobalSection(SolutionProperties) = preSolution
		HideSolutionNode = FALSE
	EndGlobalSection
	GlobalSection(ExtensibilityGlobals) = postSolution
		SolutionGuid = {352E3D2A-6275-4DCD-A96D-46EA19A15810}
	EndGlobalSection
EndGlobal
